{
  "version": 4,
  "terraform_version": "1.3.5",
  "serial": 379,
  "lineage": "463f074e-abf9-f6d6-bbc4-8707715145d8",
  "outputs": {},
  "resources": [
    {
      "mode": "managed",
      "type": "google_compute_firewall",
      "name": "fw-gcp",
      "provider": "provider[\"registry.terraform.io/hashicorp/google\"]",
      "instances": [
        {
          "schema_version": 1,
          "attributes": {
            "allow": [
              {
                "ports": [
                  "22",
                  "8080",
                  "4440"
                ],
                "protocol": "tcp"
              },
              {
                "ports": [],
                "protocol": "icmp"
              }
            ],
            "creation_timestamp": "2022-11-29T18:10:22.873-08:00",
            "deny": [],
            "description": "",
            "destination_ranges": [],
            "direction": "INGRESS",
            "disabled": false,
            "enable_logging": null,
            "id": "projects/temporal-parser-289000/global/firewalls/fw-gcp",
            "log_config": [],
            "name": "fw-gcp",
            "network": "https://www.googleapis.com/compute/v1/projects/temporal-parser-289000/global/networks/rede-gcp",
            "priority": 1000,
            "project": "temporal-parser-289000",
            "self_link": "https://www.googleapis.com/compute/v1/projects/temporal-parser-289000/global/firewalls/fw-gcp",
            "source_ranges": [
              "0.0.0.0/0"
            ],
            "source_service_accounts": null,
            "source_tags": null,
            "target_service_accounts": null,
            "target_tags": [
              "rundeck"
            ],
            "timeouts": null
          },
          "sensitive_attributes": [],
          "private": "eyJlMmJmYjczMC1lY2FhLTExZTYtOGY4OC0zNDM2M2JjN2M0YzAiOnsiY3JlYXRlIjoxMjAwMDAwMDAwMDAwLCJkZWxldGUiOjEyMDAwMDAwMDAwMDAsInVwZGF0ZSI6MTIwMDAwMDAwMDAwMH0sInNjaGVtYV92ZXJzaW9uIjoiMSJ9",
          "dependencies": [
            "google_compute_network.rede-gcp"
          ]
        }
      ]
    },
    {
      "mode": "managed",
      "type": "google_compute_instance",
      "name": "vm-gcp",
      "provider": "provider[\"registry.terraform.io/hashicorp/google\"]",
      "instances": [
        {
          "schema_version": 6,
          "attributes": {
            "advanced_machine_features": [],
            "allow_stopping_for_update": null,
            "attached_disk": [],
            "boot_disk": [
              {
                "auto_delete": true,
                "device_name": "persistent-disk-0",
                "disk_encryption_key_raw": "",
                "disk_encryption_key_sha256": "",
                "initialize_params": [
                  {
                    "image": "https://www.googleapis.com/compute/v1/projects/debian-cloud/global/images/debian-11-bullseye-v20221102",
                    "labels": {},
                    "size": 10,
                    "type": "pd-standard"
                  }
                ],
                "kms_key_self_link": "",
                "mode": "READ_WRITE",
                "source": "https://www.googleapis.com/compute/v1/projects/temporal-parser-289000/zones/us-east1-c/disks/vm-gcp-01"
              }
            ],
            "can_ip_forward": false,
            "confidential_instance_config": [],
            "cpu_platform": "AMD Rome",
            "current_status": "RUNNING",
            "deletion_protection": false,
            "description": "",
            "desired_status": null,
            "enable_display": false,
            "guest_accelerator": [],
            "hostname": "",
            "id": "projects/temporal-parser-289000/zones/us-east1-c/instances/vm-gcp-01",
            "instance_id": "1003426752907380042",
            "label_fingerprint": "42WmSpB8rSM=",
            "labels": null,
            "machine_type": "e2-medium",
            "metadata": null,
            "metadata_fingerprint": "MMXcoM6CpWE=",
            "metadata_startup_script": "sudo apt-get install -yq openjdk-11-jre-headless; curl -L https://packages.rundeck.com/pagerduty/rundeck/gpgkey | sudo apt-key add - ; sudo echo 'deb https://packages.rundeck.com/pagerduty/rundeck/any/ any main' \u003e /etc/apt/sources.list.d/rundeck.list; sudo echo 'deb-src https://packages.rundeck.com/pagerduty/rundeck/any/ any main' \u003e\u003e /etc/apt/sources.list.d/rundeck.list; apt-get update -y; apt-get install -y rundeck; systemctl enable rundeckd.service ;systemctl start rundeckd.service",
            "min_cpu_platform": "",
            "name": "vm-gcp-01",
            "network_interface": [
              {
                "access_config": [
                  {
                    "nat_ip": "35.190.174.86",
                    "network_tier": "PREMIUM",
                    "public_ptr_domain_name": ""
                  }
                ],
                "alias_ip_range": [],
                "ipv6_access_config": [],
                "ipv6_access_type": "",
                "name": "nic0",
                "network": "https://www.googleapis.com/compute/v1/projects/temporal-parser-289000/global/networks/rede-gcp",
                "network_ip": "10.0.10.2",
                "nic_type": "",
                "queue_count": 0,
                "stack_type": "IPV4_ONLY",
                "subnetwork": "https://www.googleapis.com/compute/v1/projects/temporal-parser-289000/regions/us-east1/subnetworks/sb-gcp",
                "subnetwork_project": "temporal-parser-289000"
              }
            ],
            "project": "temporal-parser-289000",
            "reservation_affinity": [],
            "resource_policies": null,
            "scheduling": [
              {
                "automatic_restart": true,
                "instance_termination_action": "",
                "min_node_cpus": 0,
                "node_affinities": [],
                "on_host_maintenance": "MIGRATE",
                "preemptible": false,
                "provisioning_model": "STANDARD"
              }
            ],
            "scratch_disk": [],
            "self_link": "https://www.googleapis.com/compute/v1/projects/temporal-parser-289000/zones/us-east1-c/instances/vm-gcp-01",
            "service_account": [],
            "shielded_instance_config": [
              {
                "enable_integrity_monitoring": true,
                "enable_secure_boot": false,
                "enable_vtpm": true
              }
            ],
            "tags": [
              "rundeck"
            ],
            "tags_fingerprint": "IL5VK5K6vAY=",
            "timeouts": null,
            "zone": "us-east1-c"
          },
          "sensitive_attributes": [],
          "private": "eyJlMmJmYjczMC1lY2FhLTExZTYtOGY4OC0zNDM2M2JjN2M0YzAiOnsiY3JlYXRlIjoxMjAwMDAwMDAwMDAwLCJkZWxldGUiOjEyMDAwMDAwMDAwMDAsInVwZGF0ZSI6MTIwMDAwMDAwMDAwMH0sInNjaGVtYV92ZXJzaW9uIjoiNiJ9",
          "dependencies": [
            "google_compute_network.rede-gcp",
            "google_compute_subnetwork.sb-gcp"
          ]
        }
      ]
    },
    {
      "mode": "managed",
      "type": "google_compute_network",
      "name": "rede-gcp",
      "provider": "provider[\"registry.terraform.io/hashicorp/google\"]",
      "instances": [
        {
          "schema_version": 0,
          "attributes": {
            "auto_create_subnetworks": false,
            "delete_default_routes_on_create": false,
            "description": "",
            "enable_ula_internal_ipv6": false,
            "gateway_ipv4": "",
            "id": "projects/temporal-parser-289000/global/networks/rede-gcp",
            "internal_ipv6_range": "",
            "mtu": 0,
            "name": "rede-gcp",
            "project": "temporal-parser-289000",
            "routing_mode": "REGIONAL",
            "self_link": "https://www.googleapis.com/compute/v1/projects/temporal-parser-289000/global/networks/rede-gcp",
            "timeouts": null
          },
          "sensitive_attributes": [],
          "private": "eyJlMmJmYjczMC1lY2FhLTExZTYtOGY4OC0zNDM2M2JjN2M0YzAiOnsiY3JlYXRlIjoxMjAwMDAwMDAwMDAwLCJkZWxldGUiOjEyMDAwMDAwMDAwMDAsInVwZGF0ZSI6MTIwMDAwMDAwMDAwMH19"
        }
      ]
    },
    {
      "mode": "managed",
      "type": "google_compute_router",
      "name": "rt-gcp",
      "provider": "provider[\"registry.terraform.io/hashicorp/google\"]",
      "instances": [
        {
          "schema_version": 0,
          "attributes": {
            "bgp": [
              {
                "advertise_mode": "CUSTOM",
                "advertised_groups": null,
                "advertised_ip_ranges": [],
                "asn": 64514,
                "keepalive_interval": 20
              }
            ],
            "creation_timestamp": "2022-11-29T18:10:22.827-08:00",
            "description": "",
            "encrypted_interconnect_router": false,
            "id": "projects/temporal-parser-289000/regions/us-central1/routers/router",
            "name": "router",
            "network": "https://www.googleapis.com/compute/v1/projects/temporal-parser-289000/global/networks/rede-gcp",
            "project": "temporal-parser-289000",
            "region": "us-central1",
            "self_link": "https://www.googleapis.com/compute/v1/projects/temporal-parser-289000/regions/us-central1/routers/router",
            "timeouts": null
          },
          "sensitive_attributes": [],
          "private": "eyJlMmJmYjczMC1lY2FhLTExZTYtOGY4OC0zNDM2M2JjN2M0YzAiOnsiY3JlYXRlIjoxMjAwMDAwMDAwMDAwLCJkZWxldGUiOjEyMDAwMDAwMDAwMDAsInVwZGF0ZSI6MTIwMDAwMDAwMDAwMH19",
          "dependencies": [
            "google_compute_network.rede-gcp"
          ]
        }
      ]
    },
    {
      "mode": "managed",
      "type": "google_compute_subnetwork",
      "name": "sb-gcp",
      "provider": "provider[\"registry.terraform.io/hashicorp/google\"]",
      "instances": [
        {
          "schema_version": 0,
          "attributes": {
            "creation_timestamp": "2022-11-29T18:10:23.013-08:00",
            "description": "",
            "external_ipv6_prefix": "",
            "fingerprint": null,
            "gateway_address": "10.0.10.1",
            "id": "projects/temporal-parser-289000/regions/us-east1/subnetworks/sb-gcp",
            "ip_cidr_range": "10.0.10.0/24",
            "ipv6_access_type": "",
            "ipv6_cidr_range": "",
            "log_config": [],
            "name": "sb-gcp",
            "network": "https://www.googleapis.com/compute/v1/projects/temporal-parser-289000/global/networks/rede-gcp",
            "private_ip_google_access": false,
            "private_ipv6_google_access": "DISABLE_GOOGLE_ACCESS",
            "project": "temporal-parser-289000",
            "purpose": "PRIVATE",
            "region": "us-east1",
            "role": "",
            "secondary_ip_range": [],
            "self_link": "https://www.googleapis.com/compute/v1/projects/temporal-parser-289000/regions/us-east1/subnetworks/sb-gcp",
            "stack_type": "IPV4_ONLY",
            "timeouts": null
          },
          "sensitive_attributes": [],
          "private": "eyJlMmJmYjczMC1lY2FhLTExZTYtOGY4OC0zNDM2M2JjN2M0YzAiOnsiY3JlYXRlIjoxMjAwMDAwMDAwMDAwLCJkZWxldGUiOjEyMDAwMDAwMDAwMDAsInVwZGF0ZSI6MTIwMDAwMDAwMDAwMH19",
          "dependencies": [
            "google_compute_network.rede-gcp"
          ]
        }
      ]
    },
    {
      "mode": "managed",
      "type": "google_storage_bucket",
      "name": "bucket-gcp-atividade",
      "provider": "provider[\"registry.terraform.io/hashicorp/google\"]",
      "instances": [
        {
          "schema_version": 0,
          "attributes": {
            "cors": [],
            "custom_placement_config": [],
            "default_event_based_hold": false,
            "encryption": [],
            "force_destroy": false,
            "id": "bucket-gcp-mack-atividade",
            "labels": null,
            "lifecycle_rule": [],
            "location": "EU",
            "logging": [],
            "name": "bucket-gcp-mack-atividade",
            "project": "temporal-parser-289000",
            "public_access_prevention": "inherited",
            "requester_pays": false,
            "retention_policy": [],
            "self_link": "https://www.googleapis.com/storage/v1/b/bucket-gcp-mack-atividade",
            "storage_class": "STANDARD",
            "timeouts": null,
            "uniform_bucket_level_access": false,
            "url": "gs://bucket-gcp-mack-atividade",
            "versioning": [],
            "website": []
          },
          "sensitive_attributes": [],
          "private": "eyJlMmJmYjczMC1lY2FhLTExZTYtOGY4OC0zNDM2M2JjN2M0YzAiOnsiY3JlYXRlIjoyNDAwMDAwMDAwMDAsInJlYWQiOjI0MDAwMDAwMDAwMCwidXBkYXRlIjoyNDAwMDAwMDAwMDB9fQ=="
        }
      ]
    }
  ],
  "check_results": null
}
